
Microsoft Visual Studio Solution File, Format Version 12.00
Project("{FAE04EC0-301F-11D3-BF4B-00C04F79EFBC}") = "WorkSpace", "WorkSpace\WorkSpace.csproj", "{ABEBF29A-CBBE-404E-8D77-722331CF3927}"
EndProject
Project("{FAE04EC0-301F-11D3-BF4B-00C04F79EFBC}") = "Entities", "Entities\Entities.csproj", "{CA5856B1-A26D-4288-B729-C38F959B1500}"
EndProject
Project("{FAE04EC0-301F-11D3-BF4B-00C04F79EFBC}") = "Business", "Business\Business.csproj", "{BEDDA702-D282-452E-8229-1300587307A6}"
EndProject
Global
	GlobalSection(SolutionConfigurationPlatforms) = preSolution
		Debug|Any CPU = Debug|Any CPU
		Release|Any CPU = Release|Any CPU
	EndGlobalSection
	GlobalSection(ProjectConfigurationPlatforms) = postSolution
		{ABEBF29A-CBBE-404E-8D77-722331CF3927}.Debug|Any CPU.ActiveCfg = Debug|Any CPU
		{ABEBF29A-CBBE-404E-8D77-722331CF3927}.Debug|Any CPU.Build.0 = Debug|Any CPU
		{ABEBF29A-CBBE-404E-8D77-722331CF3927}.Release|Any CPU.ActiveCfg = Release|Any CPU
		{ABEBF29A-CBBE-404E-8D77-722331CF3927}.Release|Any CPU.Build.0 = Release|Any CPU
		{CA5856B1-A26D-4288-B729-C38F959B1500}.Debug|Any CPU.ActiveCfg = Debug|Any CPU
		{CA5856B1-A26D-4288-B729-C38F959B1500}.Debug|Any CPU.Build.0 = Debug|Any CPU
		{CA5856B1-A26D-4288-B729-C38F959B1500}.Release|Any CPU.ActiveCfg = Release|Any CPU
		{CA5856B1-A26D-4288-B729-C38F959B1500}.Release|Any CPU.Build.0 = Release|Any CPU
		{BEDDA702-D282-452E-8229-1300587307A6}.Debug|Any CPU.ActiveCfg = Debug|Any CPU
		{BEDDA702-D282-452E-8229-1300587307A6}.Debug|Any CPU.Build.0 = Debug|Any CPU
		{BEDDA702-D282-452E-8229-1300587307A6}.Release|Any CPU.ActiveCfg = Release|Any CPU
		{BEDDA702-D282-452E-8229-1300587307A6}.Release|Any CPU.Build.0 = Release|Any CPU
	EndGlobalSection
EndGlobal
